
Microsoft Visual Studio Solution File, Format Version 12.00
# Visual Studio Version 16
VisualStudioVersion = 16.0.32106.194
MinimumVisualStudioVersion = 10.0.40219.1
Project("{FAE04EC0-301F-11D3-BF4B-00C04F79EFBC}") = "CryptoSoft", "CryptoSoft\CryptoSoft.csproj", "{DE4FF07C-EE33-4D7F-AC62-7A75743C286F}"
EndProject
Global
	GlobalSection(SolutionConfigurationPlatforms) = preSolution
		Debug|Any CPU = Debug|Any CPU
		Release|Any CPU = Release|Any CPU
	EndGlobalSection
	GlobalSection(ProjectConfigurationPlatforms) = postSolution
		{DE4FF07C-EE33-4D7F-AC62-7A75743C286F}.Debug|Any CPU.ActiveCfg = Debug|Any CPU
		{DE4FF07C-EE33-4D7F-AC62-7A75743C286F}.Debug|Any CPU.Build.0 = Debug|Any CPU
		{DE4FF07C-EE33-4D7F-AC62-7A75743C286F}.Release|Any CPU.ActiveCfg = Release|Any CPU
		{DE4FF07C-EE33-4D7F-AC62-7A75743C286F}.Release|Any CPU.Build.0 = Release|Any CPU
	EndGlobalSection
	GlobalSection(SolutionProperties) = preSolution
		HideSolutionNode = FALSE
	EndGlobalSection
	GlobalSection(ExtensibilityGlobals) = postSolution
		SolutionGuid = {BD154C29-8FC3-4064-A84E-29751874C14E}
	EndGlobalSection
EndGlobal
